// !$*UTF8*$!
{
	archiveVersion = 1;
	classes = {
	};
	objectVersion = 46;
	objects = {

/* Begin PBXBuildFile section */
		831401C11D2E8F95008E9951 /* Environment.swift in Sources */ = {isa = PBXBuildFile; fileRef = 831401C01D2E8F95008E9951 /* Environment.swift */; };
		831B29C61D2CFC4300D73C8A /* AlchemyColor.framework in Frameworks */ = {isa = PBXBuildFile; fileRef = 831B29B61D2CFC2E00D73C8A /* AlchemyColor.framework */; };
		831B29C71D2CFC4300D73C8A /* AlchemyRandom.framework in Frameworks */ = {isa = PBXBuildFile; fileRef = 831B29BF1D2CFC3600D73C8A /* AlchemyRandom.framework */; };
		83BA3A541D2A5DA300563731 /* Constant.swift in Sources */ = {isa = PBXBuildFile; fileRef = 83BA3A531D2A5DA300563731 /* Constant.swift */; };
		83BA3A581D2A62B800563731 /* Expression.swift in Sources */ = {isa = PBXBuildFile; fileRef = 83BA3A571D2A62B800563731 /* Expression.swift */; };
		83BA3A5A1D2A62E700563731 /* Variable.swift in Sources */ = {isa = PBXBuildFile; fileRef = 83BA3A591D2A62E700563731 /* Variable.swift */; };
		83BA3A5C1D2AA05400563731 /* Context.swift in Sources */ = {isa = PBXBuildFile; fileRef = 83BA3A5B1D2AA05400563731 /* Context.swift */; };
		83BA3A5E1D2AA12000563731 /* Operator.swift in Sources */ = {isa = PBXBuildFile; fileRef = 83BA3A5D1D2AA12000563731 /* Operator.swift */; };
		83FAA1171D2AA90A00A75EDA /* Primitive.swift in Sources */ = {isa = PBXBuildFile; fileRef = 83FAA1161D2AA90A00A75EDA /* Primitive.swift */; };
		83FAA11B1D2AA9F000A75EDA /* Renderer.swift in Sources */ = {isa = PBXBuildFile; fileRef = 83FAA11A1D2AA9F000A75EDA /* Renderer.swift */; };
		_LinkFileRef_AlchemyDesign_via_AlchemyDesignTestSuite /* AlchemyDesign.framework in Frameworks */ = {isa = PBXBuildFile; fileRef = "_____Product_AlchemyDesign" /* AlchemyDesign.framework */; };
		__src_cc_ref_Tests/AlchemyDesign/AlchemyDesignTests.swift /* AlchemyDesignTests.swift in Sources */ = {isa = PBXBuildFile; fileRef = __PBXFileRef_Tests/AlchemyDesign/AlchemyDesignTests.swift /* AlchemyDesignTests.swift */; };
/* End PBXBuildFile section */

/* Begin PBXContainerItemProxy section */
		831B29B51D2CFC2E00D73C8A /* PBXContainerItemProxy */ = {
			isa = PBXContainerItemProxy;
			containerPortal = 831B29B01D2CFC2E00D73C8A /* AlchemyColor.xcodeproj */;
			proxyType = 2;
			remoteGlobalIDString = "_____Product_AlchemyColor";
			remoteInfo = AlchemyColor;
		};
		831B29B71D2CFC2E00D73C8A /* PBXContainerItemProxy */ = {
			isa = PBXContainerItemProxy;
			containerPortal = 831B29B01D2CFC2E00D73C8A /* AlchemyColor.xcodeproj */;
			proxyType = 2;
			remoteGlobalIDString = "_____Product_AlchemyColorTestSuite";
			remoteInfo = AlchemyColorTestSuite;
		};
		831B29BE1D2CFC3600D73C8A /* PBXContainerItemProxy */ = {
			isa = PBXContainerItemProxy;
			containerPortal = 831B29B91D2CFC3500D73C8A /* AlchemyRandom.xcodeproj */;
			proxyType = 2;
			remoteGlobalIDString = "_____Product_AlchemyRandom";
			remoteInfo = AlchemyRandom;
		};
		831B29C01D2CFC3600D73C8A /* PBXContainerItemProxy */ = {
			isa = PBXContainerItemProxy;
			containerPortal = 831B29B91D2CFC3500D73C8A /* AlchemyRandom.xcodeproj */;
			proxyType = 2;
			remoteGlobalIDString = "_____Product_AlchemyRandomTestSuite";
			remoteInfo = AlchemyRandomTestSuite;
		};
		831B29C21D2CFC3D00D73C8A /* PBXContainerItemProxy */ = {
			isa = PBXContainerItemProxy;
			containerPortal = 831B29B01D2CFC2E00D73C8A /* AlchemyColor.xcodeproj */;
			proxyType = 1;
			remoteGlobalIDString = "______Target_AlchemyColor";
			remoteInfo = AlchemyColor;
		};
		831B29C41D2CFC3D00D73C8A /* PBXContainerItemProxy */ = {
			isa = PBXContainerItemProxy;
			containerPortal = 831B29B91D2CFC3500D73C8A /* AlchemyRandom.xcodeproj */;
			proxyType = 1;
			remoteGlobalIDString = "______Target_AlchemyRandom";
			remoteInfo = AlchemyRandom;
		};
		837310791D26B0C60003F9C6 /* PBXContainerItemProxy */ = {
			isa = PBXContainerItemProxy;
			containerPortal = __RootObject_ /* Project object */;
			proxyType = 1;
			remoteGlobalIDString = "______Target_AlchemyDesign";
			remoteInfo = AlchemyDesign;
		};
/* End PBXContainerItemProxy section */

/* Begin PBXFileReference section */
		831401C01D2E8F95008E9951 /* Environment.swift */ = {isa = PBXFileReference; fileEncoding = 4; lastKnownFileType = sourcecode.swift; name = Environment.swift; path = Sources/Environment.swift; sourceTree = "<group>"; };
		831B29B01D2CFC2E00D73C8A /* AlchemyColor.xcodeproj */ = {isa = PBXFileReference; lastKnownFileType = "wrapper.pb-project"; name = AlchemyColor.xcodeproj; path = "Packages/AlchemyColor-0.2.1/AlchemyColor.xcodeproj"; sourceTree = "<group>"; };
		831B29B91D2CFC3500D73C8A /* AlchemyRandom.xcodeproj */ = {isa = PBXFileReference; lastKnownFileType = "wrapper.pb-project"; name = AlchemyRandom.xcodeproj; path = "Packages/AlchemyRandom-0.2.1/AlchemyRandom.xcodeproj"; sourceTree = "<group>"; };
		8373107A1D26B1090003F9C6 /* Demo.playground */ = {isa = PBXFileReference; lastKnownFileType = file.playground; path = Demo.playground; sourceTree = "<group>"; };
		8373107B1D26B1090003F9C6 /* LICENSE.md */ = {isa = PBXFileReference; fileEncoding = 4; lastKnownFileType = net.daringfireball.markdown; path = LICENSE.md; sourceTree = "<group>"; };
		8373107C1D26B1090003F9C6 /* README.md */ = {isa = PBXFileReference; fileEncoding = 4; lastKnownFileType = net.daringfireball.markdown; path = README.md; sourceTree = "<group>"; };
		83BA3A531D2A5DA300563731 /* Constant.swift */ = {isa = PBXFileReference; fileEncoding = 4; lastKnownFileType = sourcecode.swift; name = Constant.swift; path = Sources/Constant.swift; sourceTree = "<group>"; };
		83BA3A571D2A62B800563731 /* Expression.swift */ = {isa = PBXFileReference; fileEncoding = 4; lastKnownFileType = sourcecode.swift; name = Expression.swift; path = Sources/Expression.swift; sourceTree = "<group>"; };
		83BA3A591D2A62E700563731 /* Variable.swift */ = {isa = PBXFileReference; fileEncoding = 4; lastKnownFileType = sourcecode.swift; name = Variable.swift; path = Sources/Variable.swift; sourceTree = "<group>"; };
		83BA3A5B1D2AA05400563731 /* Context.swift */ = {isa = PBXFileReference; fileEncoding = 4; lastKnownFileType = sourcecode.swift; name = Context.swift; path = Sources/Context.swift; sourceTree = "<group>"; };
		83BA3A5D1D2AA12000563731 /* Operator.swift */ = {isa = PBXFileReference; fileEncoding = 4; lastKnownFileType = sourcecode.swift; name = Operator.swift; path = Sources/Operator.swift; sourceTree = "<group>"; };
		83FAA1161D2AA90A00A75EDA /* Primitive.swift */ = {isa = PBXFileReference; fileEncoding = 4; lastKnownFileType = sourcecode.swift; name = Primitive.swift; path = Sources/Primitive.swift; sourceTree = "<group>"; };
		83FAA11A1D2AA9F000A75EDA /* Renderer.swift */ = {isa = PBXFileReference; fileEncoding = 4; lastKnownFileType = sourcecode.swift; name = Renderer.swift; path = Sources/Renderer.swift; sourceTree = "<group>"; };
		__PBXFileRef_AlchemyDesign.xcodeproj/Configs/Project.xcconfig /* Project.xcconfig */ = {isa = PBXFileReference; lastKnownFileType = text.xcconfig; name = Project.xcconfig; path = AlchemyDesign.xcodeproj/Configs/Project.xcconfig; sourceTree = "<group>"; };
		__PBXFileRef_AlchemyDesignTestSuite_Info.plist /* AlchemyDesignTestSuite_Info.plist */ = {isa = PBXFileReference; lastKnownFileType = text.plist.xml; name = AlchemyDesignTestSuite_Info.plist; path = AlchemyDesign.xcodeproj/AlchemyDesignTestSuite_Info.plist; sourceTree = SOURCE_ROOT; };
		__PBXFileRef_AlchemyDesign_Info.plist /* AlchemyDesign_Info.plist */ = {isa = PBXFileReference; lastKnownFileType = text.plist.xml; name = AlchemyDesign_Info.plist; path = AlchemyDesign.xcodeproj/AlchemyDesign_Info.plist; sourceTree = SOURCE_ROOT; };
		__PBXFileRef_Package.swift /* Package.swift */ = {isa = PBXFileReference; lastKnownFileType = sourcecode.swift; path = Package.swift; sourceTree = "<group>"; };
		__PBXFileRef_Tests/AlchemyDesign/AlchemyDesignTests.swift /* AlchemyDesignTests.swift */ = {isa = PBXFileReference; lastKnownFileType = sourcecode.swift; path = AlchemyDesignTests.swift; sourceTree = "<group>"; };
		"_____Product_AlchemyDesign" /* AlchemyDesign.framework */ = {isa = PBXFileReference; explicitFileType = wrapper.framework; path = AlchemyDesign.framework; sourceTree = BUILT_PRODUCTS_DIR; };
		"_____Product_AlchemyDesignTestSuite" /* AlchemyDesignTestSuite.xctest */ = {isa = PBXFileReference; lastKnownFileType = file; path = AlchemyDesignTestSuite.xctest; sourceTree = BUILT_PRODUCTS_DIR; };
/* End PBXFileReference section */

/* Begin PBXFrameworksBuildPhase section */
		"___LinkPhase_AlchemyDesign" /* Frameworks */ = {
			isa = PBXFrameworksBuildPhase;
			buildActionMask = 0;
			files = (
				831B29C61D2CFC4300D73C8A /* AlchemyColor.framework in Frameworks */,
				831B29C71D2CFC4300D73C8A /* AlchemyRandom.framework in Frameworks */,
			);
			runOnlyForDeploymentPostprocessing = 0;
		};
		"___LinkPhase_AlchemyDesignTestSuite" /* Frameworks */ = {
			isa = PBXFrameworksBuildPhase;
			buildActionMask = 0;
			files = (
				_LinkFileRef_AlchemyDesign_via_AlchemyDesignTestSuite /* AlchemyDesign.framework in Frameworks */,
			);
			runOnlyForDeploymentPostprocessing = 0;
		};
/* End PBXFrameworksBuildPhase section */

/* Begin PBXGroup section */
		831B29B11D2CFC2E00D73C8A /* Products */ = {
			isa = PBXGroup;
			children = (
				831B29B61D2CFC2E00D73C8A /* AlchemyColor.framework */,
				831B29B81D2CFC2E00D73C8A /* AlchemyColorTestSuite.xctest */,
			);
			name = Products;
			sourceTree = "<group>";
		};
		831B29BA1D2CFC3500D73C8A /* Products */ = {
			isa = PBXGroup;
			children = (
				831B29BF1D2CFC3600D73C8A /* AlchemyRandom.framework */,
				831B29C11D2CFC3600D73C8A /* AlchemyRandomTestSuite.xctest */,
			);
			name = Products;
			sourceTree = "<group>";
		};
		8373107F1D26B2130003F9C6 /* Supporting Files */ = {
			isa = PBXGroup;
			children = (
				__PBXFileRef_AlchemyDesign_Info.plist /* AlchemyDesign_Info.plist */,
				__PBXFileRef_AlchemyDesignTestSuite_Info.plist /* AlchemyDesignTestSuite_Info.plist */,
			);
			name = "Supporting Files";
			sourceTree = "<group>";
		};
		83BA3A341D2A540100563731 /* Packages */ = {
			isa = PBXGroup;
			children = (
				83BA3A3E1D2A541400563731 /* alchemy-color */,
				83BA3A3F1D2A541D00563731 /* alchemy-random */,
			);
			name = Packages;
			sourceTree = "<group>";
		};
		83BA3A3E1D2A541400563731 /* alchemy-color */ = {
			isa = PBXGroup;
			children = (
				831B29B01D2CFC2E00D73C8A /* AlchemyColor.xcodeproj */,
			);
			name = "alchemy-color";
			sourceTree = "<group>";
		};
		83BA3A3F1D2A541D00563731 /* alchemy-random */ = {
			isa = PBXGroup;
			children = (
				831B29B91D2CFC3500D73C8A /* AlchemyRandom.xcodeproj */,
			);
			name = "alchemy-random";
			sourceTree = "<group>";
		};
		TestProducts_ /* Tests */ = {
			isa = PBXGroup;
			children = (
				"_____Product_AlchemyDesignTestSuite" /* AlchemyDesignTestSuite.xctest */,
			);
			name = Tests;
			sourceTree = "<group>";
		};
		"___RootGroup_" = {
			isa = PBXGroup;
			children = (
				8373107B1D26B1090003F9C6 /* LICENSE.md */,
				8373107C1D26B1090003F9C6 /* README.md */,
				__PBXFileRef_Package.swift /* Package.swift */,
				8373107A1D26B1090003F9C6 /* Demo.playground */,
				"_____Configs_" /* Configs */,
				83BA3A341D2A540100563731 /* Packages */,
				"_____Sources_" /* Sources */,
				8373107F1D26B2130003F9C6 /* Supporting Files */,
				"_______Tests_" /* Tests */,
				"____Products_" /* Products */,
			);
			sourceTree = "<group>";
		};
		"____Products_" /* Products */ = {
			isa = PBXGroup;
			children = (
				TestProducts_ /* Tests */,
				"_____Product_AlchemyDesign" /* AlchemyDesign.framework */,
			);
			name = Products;
			sourceTree = "<group>";
		};
		"_____Configs_" /* Configs */ = {
			isa = PBXGroup;
			children = (
				__PBXFileRef_AlchemyDesign.xcodeproj/Configs/Project.xcconfig /* Project.xcconfig */,
			);
			name = Configs;
			sourceTree = "<group>";
		};
		"_____Sources_" /* Sources */ = {
			isa = PBXGroup;
			children = (
				83BA3A531D2A5DA300563731 /* Constant.swift */,
				83BA3A5B1D2AA05400563731 /* Context.swift */,
				831401C01D2E8F95008E9951 /* Environment.swift */,
				83BA3A571D2A62B800563731 /* Expression.swift */,
				83BA3A5D1D2AA12000563731 /* Operator.swift */,
				83FAA1161D2AA90A00A75EDA /* Primitive.swift */,
				83FAA11A1D2AA9F000A75EDA /* Renderer.swift */,
				83BA3A591D2A62E700563731 /* Variable.swift */,
			);
			name = Sources;
			sourceTree = "<group>";
		};
		"_______Group_AlchemyDesignTestSuite" /* AlchemyDesignTestSuite */ = {
			isa = PBXGroup;
			children = (
				__PBXFileRef_Tests/AlchemyDesign/AlchemyDesignTests.swift /* AlchemyDesignTests.swift */,
			);
			name = AlchemyDesignTestSuite;
			path = Tests/AlchemyDesign;
			sourceTree = "<group>";
		};
		"_______Tests_" /* Tests */ = {
			isa = PBXGroup;
			children = (
				"_______Group_AlchemyDesignTestSuite" /* AlchemyDesignTestSuite */,
			);
			name = Tests;
			sourceTree = "<group>";
		};
/* End PBXGroup section */

/* Begin PBXNativeTarget section */
		"______Target_AlchemyDesign" /* AlchemyDesign */ = {
			isa = PBXNativeTarget;
			buildConfigurationList = "_______Confs_AlchemyDesign" /* Build configuration list for PBXNativeTarget "AlchemyDesign" */;
			buildPhases = (
				CompilePhase_AlchemyDesign /* Sources */,
				"___LinkPhase_AlchemyDesign" /* Frameworks */,
			);
			buildRules = (
			);
			dependencies = (
				831B29C31D2CFC3D00D73C8A /* PBXTargetDependency */,
				831B29C51D2CFC3D00D73C8A /* PBXTargetDependency */,
			);
			name = AlchemyDesign;
			productName = AlchemyDesign;
			productReference = "_____Product_AlchemyDesign" /* AlchemyDesign.framework */;
			productType = "com.apple.product-type.framework";
		};
		"______Target_AlchemyDesignTestSuite" /* AlchemyDesignTestSuite */ = {
			isa = PBXNativeTarget;
			buildConfigurationList = "_______Confs_AlchemyDesignTestSuite" /* Build configuration list for PBXNativeTarget "AlchemyDesignTestSuite" */;
			buildPhases = (
				CompilePhase_AlchemyDesignTestSuite /* Sources */,
				"___LinkPhase_AlchemyDesignTestSuite" /* Frameworks */,
			);
			buildRules = (
			);
			dependencies = (
				__Dependency_AlchemyDesign /* PBXTargetDependency */,
			);
			name = AlchemyDesignTestSuite;
			productName = AlchemyDesignTestSuite;
			productReference = "_____Product_AlchemyDesignTestSuite" /* AlchemyDesignTestSuite.xctest */;
			productType = "com.apple.product-type.bundle.unit-test";
		};
/* End PBXNativeTarget section */

/* Begin PBXProject section */
		__RootObject_ /* Project object */ = {
			isa = PBXProject;
			attributes = {
				LastUpgradeCheck = 9999;
			};
			buildConfigurationList = "___RootConfs_" /* Build configuration list for PBXProject "AlchemyDesign" */;
			compatibilityVersion = "Xcode 3.2";
			developmentRegion = English;
			hasScannedForEncodings = 0;
			knownRegions = (
				en,
			);
			mainGroup = "___RootGroup_";
			productRefGroup = "____Products_" /* Products */;
			projectDirPath = "";
			projectReferences = (
				{
					ProductGroup = 831B29B11D2CFC2E00D73C8A /* Products */;
					ProjectRef = 831B29B01D2CFC2E00D73C8A /* AlchemyColor.xcodeproj */;
				},
				{
					ProductGroup = 831B29BA1D2CFC3500D73C8A /* Products */;
					ProjectRef = 831B29B91D2CFC3500D73C8A /* AlchemyRandom.xcodeproj */;
				},
			);
			projectRoot = "";
			targets = (
				"______Target_AlchemyDesign" /* AlchemyDesign */,
				"______Target_AlchemyDesignTestSuite" /* AlchemyDesignTestSuite */,
			);
		};
/* End PBXProject section */

/* Begin PBXReferenceProxy section */
		831B29B61D2CFC2E00D73C8A /* AlchemyColor.framework */ = {
			isa = PBXReferenceProxy;
			fileType = wrapper.framework;
			path = AlchemyColor.framework;
			remoteRef = 831B29B51D2CFC2E00D73C8A /* PBXContainerItemProxy */;
			sourceTree = BUILT_PRODUCTS_DIR;
		};
		831B29B81D2CFC2E00D73C8A /* AlchemyColorTestSuite.xctest */ = {
			isa = PBXReferenceProxy;
			fileType = file;
			path = AlchemyColorTestSuite.xctest;
			remoteRef = 831B29B71D2CFC2E00D73C8A /* PBXContainerItemProxy */;
			sourceTree = BUILT_PRODUCTS_DIR;
		};
		831B29BF1D2CFC3600D73C8A /* AlchemyRandom.framework */ = {
			isa = PBXReferenceProxy;
			fileType = wrapper.framework;
			path = AlchemyRandom.framework;
			remoteRef = 831B29BE1D2CFC3600D73C8A /* PBXContainerItemProxy */;
			sourceTree = BUILT_PRODUCTS_DIR;
		};
		831B29C11D2CFC3600D73C8A /* AlchemyRandomTestSuite.xctest */ = {
			isa = PBXReferenceProxy;
			fileType = wrapper.cfbundle;
			path = AlchemyRandomTestSuite.xctest;
			remoteRef = 831B29C01D2CFC3600D73C8A /* PBXContainerItemProxy */;
			sourceTree = BUILT_PRODUCTS_DIR;
		};
/* End PBXReferenceProxy section */

/* Begin PBXSourcesBuildPhase section */
		CompilePhase_AlchemyDesign /* Sources */ = {
			isa = PBXSourcesBuildPhase;
			buildActionMask = 0;
			files = (
				83FAA11B1D2AA9F000A75EDA /* Renderer.swift in Sources */,
				83BA3A541D2A5DA300563731 /* Constant.swift in Sources */,
				83FAA1171D2AA90A00A75EDA /* Primitive.swift in Sources */,
				831401C11D2E8F95008E9951 /* Environment.swift in Sources */,
				83BA3A5C1D2AA05400563731 /* Context.swift in Sources */,
				83BA3A5E1D2AA12000563731 /* Operator.swift in Sources */,
				83BA3A5A1D2A62E700563731 /* Variable.swift in Sources */,
				83BA3A581D2A62B800563731 /* Expression.swift in Sources */,
			);
			runOnlyForDeploymentPostprocessing = 0;
		};
		CompilePhase_AlchemyDesignTestSuite /* Sources */ = {
			isa = PBXSourcesBuildPhase;
			buildActionMask = 0;
			files = (
				__src_cc_ref_Tests/AlchemyDesign/AlchemyDesignTests.swift /* AlchemyDesignTests.swift in Sources */,
			);
			runOnlyForDeploymentPostprocessing = 0;
		};
/* End PBXSourcesBuildPhase section */

/* Begin PBXTargetDependency section */
		831B29C31D2CFC3D00D73C8A /* PBXTargetDependency */ = {
			isa = PBXTargetDependency;
			name = AlchemyColor;
			targetProxy = 831B29C21D2CFC3D00D73C8A /* PBXContainerItemProxy */;
		};
		831B29C51D2CFC3D00D73C8A /* PBXTargetDependency */ = {
			isa = PBXTargetDependency;
			name = AlchemyRandom;
			targetProxy = 831B29C41D2CFC3D00D73C8A /* PBXContainerItemProxy */;
		};
		__Dependency_AlchemyDesign /* PBXTargetDependency */ = {
			isa = PBXTargetDependency;
			target = "______Target_AlchemyDesign" /* AlchemyDesign */;
			targetProxy = 837310791D26B0C60003F9C6 /* PBXContainerItemProxy */;
		};
/* End PBXTargetDependency section */

/* Begin XCBuildConfiguration section */
		_ReleaseConf_AlchemyDesign /* Release */ = {
			isa = XCBuildConfiguration;
			buildSettings = {
				ENABLE_TESTABILITY = YES;
				INFOPLIST_FILE = AlchemyDesign.xcodeproj/AlchemyDesign_Info.plist;
				LD_RUNPATH_SEARCH_PATHS = "$(TOOLCHAIN_DIR)/usr/lib/swift/macosx";
				OTHER_LDFLAGS = "$(inherited)";
				OTHER_SWIFT_FLAGS = "$(inherited)";
				PRODUCT_MODULE_NAME = "$(TARGET_NAME:c99extidentifier)";
				PRODUCT_NAME = "$(TARGET_NAME:c99extidentifier)";
			};
			name = Release;
		};
		_ReleaseConf_AlchemyDesignTestSuite /* Release */ = {
			isa = XCBuildConfiguration;
			buildSettings = {
				EMBEDDED_CONTENT_CONTAINS_SWIFT = YES;
				INFOPLIST_FILE = AlchemyDesign.xcodeproj/AlchemyDesignTestSuite_Info.plist;
				LD_RUNPATH_SEARCH_PATHS = "@loader_path/../Frameworks";
				OTHER_LDFLAGS = "$(inherited)";
				OTHER_SWIFT_FLAGS = "$(inherited)";
			};
			name = Release;
		};
		"___DebugConf_AlchemyDesign" /* Debug */ = {
			isa = XCBuildConfiguration;
			buildSettings = {
				ENABLE_TESTABILITY = YES;
				INFOPLIST_FILE = AlchemyDesign.xcodeproj/AlchemyDesign_Info.plist;
				LD_RUNPATH_SEARCH_PATHS = "$(TOOLCHAIN_DIR)/usr/lib/swift/macosx";
				OTHER_LDFLAGS = "$(inherited)";
				OTHER_SWIFT_FLAGS = "$(inherited)";
				PRODUCT_MODULE_NAME = "$(TARGET_NAME:c99extidentifier)";
				PRODUCT_NAME = "$(TARGET_NAME:c99extidentifier)";
				SWIFT_OPTIMIZATION_LEVEL = "-Onone";
			};
			name = Debug;
		};
		"___DebugConf_AlchemyDesignTestSuite" /* Debug */ = {
			isa = XCBuildConfiguration;
			buildSettings = {
				EMBEDDED_CONTENT_CONTAINS_SWIFT = YES;
				INFOPLIST_FILE = AlchemyDesign.xcodeproj/AlchemyDesignTestSuite_Info.plist;
				LD_RUNPATH_SEARCH_PATHS = "@loader_path/../Frameworks";
				OTHER_LDFLAGS = "$(inherited)";
				OTHER_SWIFT_FLAGS = "$(inherited)";
				SWIFT_OPTIMIZATION_LEVEL = "-Onone";
			};
			name = Debug;
		};
		"_____Release_" /* Release */ = {
			isa = XCBuildConfiguration;
			baseConfigurationReference = __PBXFileRef_AlchemyDesign.xcodeproj/Configs/Project.xcconfig /* Project.xcconfig */;
			buildSettings = {
				CURRENT_PROJECT_VERSION = 0.1.1;
				VERSIONING_SYSTEM = "apple-generic";
			};
			name = Release;
		};
		"_______Debug_" /* Debug */ = {
			isa = XCBuildConfiguration;
			baseConfigurationReference = __PBXFileRef_AlchemyDesign.xcodeproj/Configs/Project.xcconfig /* Project.xcconfig */;
			buildSettings = {
				CURRENT_PROJECT_VERSION = 0.1.1;
				VERSIONING_SYSTEM = "apple-generic";
			};
			name = Debug;
		};
/* End XCBuildConfiguration section */

/* Begin XCConfigurationList section */
		"___RootConfs_" /* Build configuration list for PBXProject "AlchemyDesign" */ = {
			isa = XCConfigurationList;
			buildConfigurations = (
				"_______Debug_" /* Debug */,
				"_____Release_" /* Release */,
			);
			defaultConfigurationIsVisible = 0;
			defaultConfigurationName = Debug;
		};
		"_______Confs_AlchemyDesign" /* Build configuration list for PBXNativeTarget "AlchemyDesign" */ = {
			isa = XCConfigurationList;
			buildConfigurations = (
				"___DebugConf_AlchemyDesign" /* Debug */,
				_ReleaseConf_AlchemyDesign /* Release */,
			);
			defaultConfigurationIsVisible = 0;
			defaultConfigurationName = Debug;
		};
		"_______Confs_AlchemyDesignTestSuite" /* Build configuration list for PBXNativeTarget "AlchemyDesignTestSuite" */ = {
			isa = XCConfigurationList;
			buildConfigurations = (
				"___DebugConf_AlchemyDesignTestSuite" /* Debug */,
				_ReleaseConf_AlchemyDesignTestSuite /* Release */,
			);
			defaultConfigurationIsVisible = 0;
			defaultConfigurationName = Debug;
		};
/* End XCConfigurationList section */
	};
	rootObject = __RootObject_ /* Project object */;
}
